PODS:
  - MJExtension (3.0.15.1)
  - MJRefresh (3.1.15.7)
  - OWWaterFallLayout (0.1.0)
  - SDWebImage (4.4.6):
    - SDWebImage/Core (= 4.4.6)
  - SDWebImage/Core (4.4.6)

DEPENDENCIES:
  - MJExtension
  - MJRefresh
  - OWWaterFallLayout (from `../`)
  - SDWebImage

SPEC REPOS:
  https://github.com/CocoaPods/Specs.git:
    - MJExtension
    - MJRefresh
    - SDWebImage

EXTERNAL SOURCES:
  OWWaterFallLayout:
    :path: "../"

SPEC CHECKSUMS:
  MJExtension: 19bc33ce2eee2d319760f5622562cf581a6ff756
  MJRefresh: 697f8ec75ebdbe9207767bb682cf0f51b0d8a41f
  OWWaterFallLayout: b14fed38dea3e2182d70a1ac9d8804a677e13411
  SDWebImage: 3f3f0c02f09798048c47a5ed0a13f17b063572d8

PODFILE CHECKSUM: 21a183b00602e2416b6fe40cdfd89c527bfa81ff

COCOAPODS: 1.5.0
